
Microsoft Visual Studio Solution File, Format Version 12.00
# Visual Studio 2012
Project("{FAE04EC0-301F-11D3-BF4B-00C04F79EFBC}") = "voicetrainig", "voicetrainig\voicetrainig.csproj", "{2AA392C0-DAA4-4E87-86F8-955C624C5AAE}"
EndProject
Global
	GlobalSection(SolutionConfigurationPlatforms) = preSolution
		Debug|Any CPU = Debug|Any CPU
		Release|Any CPU = Release|Any CPU
	EndGlobalSection
	GlobalSection(ProjectConfigurationPlatforms) = postSolution
		{2AA392C0-DAA4-4E87-86F8-955C624C5AAE}.Debug|Any CPU.ActiveCfg = Debug|Any CPU
		{2AA392C0-DAA4-4E87-86F8-955C624C5AAE}.Debug|Any CPU.Build.0 = Debug|Any CPU
		{2AA392C0-DAA4-4E87-86F8-955C624C5AAE}.Release|Any CPU.ActiveCfg = Release|Any CPU
		{2AA392C0-DAA4-4E87-86F8-955C624C5AAE}.Release|Any CPU.Build.0 = Release|Any CPU
	EndGlobalSection
	GlobalSection(SolutionProperties) = preSolution
		HideSolutionNode = FALSE
	EndGlobalSection
EndGlobal
